
Microsoft Visual Studio Solution File, Format Version 12.00
# Visual Studio Version 17
VisualStudioVersion = 17.6.33829.357
MinimumVisualStudioVersion = 10.0.40219.1
Project("{8BC9CEB8-8B4A-11D0-8D11-00A0C91BC942}") = "lab_1", "lab_1\lab_1.vcxproj", "{D0F813AE-F605-463E-8672-E8070381703F}"
EndProject
Project("{8BC9CEB8-8B4A-11D0-8D11-00A0C91BC942}") = "lab_2", "lab_2\lab_2.vcxproj", "{78AF7C5A-C454-41E0-A1C0-9BB5C5FB21CB}"
EndProject
Project("{8BC9CEB8-8B4A-11D0-8D11-00A0C91BC942}") = "lab_3", "lab_3\lab_3.vcxproj", "{79ADE3D3-AB8D-486D-B11B-4BA222DDF133}"
EndProject
Project("{8BC9CEB8-8B4A-11D0-8D11-00A0C91BC942}") = "lab_5", "lab_5\lab_5.vcxproj", "{0938C709-6FF0-45A9-B2A7-C688515B26AB}"
EndProject
Project("{8BC9CEB8-8B4A-11D0-8D11-00A0C91BC942}") = "lab_6", "lab_6\lab_6.vcxproj", "{6D580C6A-F5B5-4BF7-B186-289F1243EC54}"
EndProject
Project("{8BC9CEB8-8B4A-11D0-8D11-00A0C91BC942}") = "lab_7", "lab_7\lab_7.vcxproj", "{A714920D-14DE-4C49-B227-90F03C9EE999}"
EndProject
Project("{8BC9CEB8-8B4A-11D0-8D11-00A0C91BC942}") = "lab_8", "lab_8\lab_8.vcxproj", "{7E15AE75-88F5-4D1B-A024-5367885B831E}"
EndProject
Project("{8BC9CEB8-8B4A-11D0-8D11-00A0C91BC942}") = "lab_4", "lab_4\lab_4.vcxproj", "{86B9C2B7-59D4-4C48-916D-5913F05F163A}"
EndProject
Global
	GlobalSection(SolutionConfigurationPlatforms) = preSolution
		Debug|x64 = Debug|x64
		Debug|x86 = Debug|x86
		Release|x64 = Release|x64
		Release|x86 = Release|x86
	EndGlobalSection
	GlobalSection(ProjectConfigurationPlatforms) = postSolution
		{D0F813AE-F605-463E-8672-E8070381703F}.Debug|x64.ActiveCfg = Debug|x64
		{D0F813AE-F605-463E-8672-E8070381703F}.Debug|x64.Build.0 = Debug|x64
		{D0F813AE-F605-463E-8672-E8070381703F}.Debug|x86.ActiveCfg = Debug|Win32
		{D0F813AE-F605-463E-8672-E8070381703F}.Debug|x86.Build.0 = Debug|Win32
		{D0F813AE-F605-463E-8672-E8070381703F}.Release|x64.ActiveCfg = Release|x64
		{D0F813AE-F605-463E-8672-E8070381703F}.Release|x64.Build.0 = Release|x64
		{D0F813AE-F605-463E-8672-E8070381703F}.Release|x86.ActiveCfg = Release|Win32
		{D0F813AE-F605-463E-8672-E8070381703F}.Release|x86.Build.0 = Release|Win32
		{78AF7C5A-C454-41E0-A1C0-9BB5C5FB21CB}.Debug|x64.ActiveCfg = Debug|x64
		{78AF7C5A-C454-41E0-A1C0-9BB5C5FB21CB}.Debug|x64.Build.0 = Debug|x64
		{78AF7C5A-C454-41E0-A1C0-9BB5C5FB21CB}.Debug|x86.ActiveCfg = Debug|Win32
		{78AF7C5A-C454-41E0-A1C0-9BB5C5FB21CB}.Debug|x86.Build.0 = Debug|Win32
		{78AF7C5A-C454-41E0-A1C0-9BB5C5FB21CB}.Release|x64.ActiveCfg = Release|x64
		{78AF7C5A-C454-41E0-A1C0-9BB5C5FB21CB}.Release|x64.Build.0 = Release|x64
		{78AF7C5A-C454-41E0-A1C0-9BB5C5FB21CB}.Release|x86.ActiveCfg = Release|Win32
		{78AF7C5A-C454-41E0-A1C0-9BB5C5FB21CB}.Release|x86.Build.0 = Release|Win32
		{79ADE3D3-AB8D-486D-B11B-4BA222DDF133}.Debug|x64.ActiveCfg = Debug|x64
		{79ADE3D3-AB8D-486D-B11B-4BA222DDF133}.Debug|x64.Build.0 = Debug|x64
		{79ADE3D3-AB8D-486D-B11B-4BA222DDF133}.Debug|x86.ActiveCfg = Debug|Win32
		{79ADE3D3-AB8D-486D-B11B-4BA222DDF133}.Debug|x86.Build.0 = Debug|Win32
		{79ADE3D3-AB8D-486D-B11B-4BA222DDF133}.Release|x64.ActiveCfg = Release|x64
		{79ADE3D3-AB8D-486D-B11B-4BA222DDF133}.Release|x64.Build.0 = Release|x64
		{79ADE3D3-AB8D-486D-B11B-4BA222DDF133}.Release|x86.ActiveCfg = Release|Win32
		{79ADE3D3-AB8D-486D-B11B-4BA222DDF133}.Release|x86.Build.0 = Release|Win32
		{0938C709-6FF0-45A9-B2A7-C688515B26AB}.Debug|x64.ActiveCfg = Debug|x64
		{0938C709-6FF0-45A9-B2A7-C688515B26AB}.Debug|x64.Build.0 = Debug|x64
		{0938C709-6FF0-45A9-B2A7-C688515B26AB}.Debug|x86.ActiveCfg = Debug|Win32
		{0938C709-6FF0-45A9-B2A7-C688515B26AB}.Debug|x86.Build.0 = Debug|Win32
		{0938C709-6FF0-45A9-B2A7-C688515B26AB}.Release|x64.ActiveCfg = Release|x64
		{0938C709-6FF0-45A9-B2A7-C688515B26AB}.Release|x64.Build.0 = Release|x64
		{0938C709-6FF0-45A9-B2A7-C688515B26AB}.Release|x86.ActiveCfg = Release|Win32
		{0938C709-6FF0-45A9-B2A7-C688515B26AB}.Release|x86.Build.0 = Release|Win32
		{6D580C6A-F5B5-4BF7-B186-289F1243EC54}.Debug|x64.ActiveCfg = Debug|x64
		{6D580C6A-F5B5-4BF7-B186-289F1243EC54}.Debug|x64.Build.0 = Debug|x64
		{6D580C6A-F5B5-4BF7-B186-289F1243EC54}.Debug|x86.ActiveCfg = Debug|Win32
		{6D580C6A-F5B5-4BF7-B186-289F1243EC54}.Debug|x86.Build.0 = Debug|Win32
		{6D580C6A-F5B5-4BF7-B186-289F1243EC54}.Release|x64.ActiveCfg = Release|x64
		{6D580C6A-F5B5-4BF7-B186-289F1243EC54}.Release|x64.Build.0 = Release|x64
		{6D580C6A-F5B5-4BF7-B186-289F1243EC54}.Release|x86.ActiveCfg = Release|Win32
		{6D580C6A-F5B5-4BF7-B186-289F1243EC54}.Release|x86.Build.0 = Release|Win32
		{A714920D-14DE-4C49-B227-90F03C9EE999}.Debug|x64.ActiveCfg = Debug|x64
		{A714920D-14DE-4C49-B227-90F03C9EE999}.Debug|x64.Build.0 = Debug|x64
		{A714920D-14DE-4C49-B227-90F03C9EE999}.Debug|x86.ActiveCfg = Debug|Win32
		{A714920D-14DE-4C49-B227-90F03C9EE999}.Debug|x86.Build.0 = Debug|Win32
		{A714920D-14DE-4C49-B227-90F03C9EE999}.Release|x64.ActiveCfg = Release|x64
		{A714920D-14DE-4C49-B227-90F03C9EE999}.Release|x64.Build.0 = Release|x64
		{A714920D-14DE-4C49-B227-90F03C9EE999}.Release|x86.ActiveCfg = Release|Win32
		{A714920D-14DE-4C49-B227-90F03C9EE999}.Release|x86.Build.0 = Release|Win32
		{7E15AE75-88F5-4D1B-A024-5367885B831E}.Debug|x64.ActiveCfg = Debug|x64
		{7E15AE75-88F5-4D1B-A024-5367885B831E}.Debug|x64.Build.0 = Debug|x64
		{7E15AE75-88F5-4D1B-A024-5367885B831E}.Debug|x86.ActiveCfg = Debug|Win32
		{7E15AE75-88F5-4D1B-A024-5367885B831E}.Debug|x86.Build.0 = Debug|Win32
		{7E15AE75-88F5-4D1B-A024-5367885B831E}.Release|x64.ActiveCfg = Release|x64
		{7E15AE75-88F5-4D1B-A024-5367885B831E}.Release|x64.Build.0 = Release|x64
		{7E15AE75-88F5-4D1B-A024-5367885B831E}.Release|x86.ActiveCfg = Release|Win32
		{7E15AE75-88F5-4D1B-A024-5367885B831E}.Release|x86.Build.0 = Release|Win32
		{86B9C2B7-59D4-4C48-916D-5913F05F163A}.Debug|x64.ActiveCfg = Debug|x64
		{86B9C2B7-59D4-4C48-916D-5913F05F163A}.Debug|x64.Build.0 = Debug|x64
		{86B9C2B7-59D4-4C48-916D-5913F05F163A}.Debug|x86.ActiveCfg = Debug|Win32
		{86B9C2B7-59D4-4C48-916D-5913F05F163A}.Debug|x86.Build.0 = Debug|Win32
		{86B9C2B7-59D4-4C48-916D-5913F05F163A}.Release|x64.ActiveCfg = Release|x64
		{86B9C2B7-59D4-4C48-916D-5913F05F163A}.Release|x64.Build.0 = Release|x64
		{86B9C2B7-59D4-4C48-916D-5913F05F163A}.Release|x86.ActiveCfg = Release|Win32
		{86B9C2B7-59D4-4C48-916D-5913F05F163A}.Release|x86.Build.0 = Release|Win32
	EndGlobalSection
	GlobalSection(SolutionProperties) = preSolution
		HideSolutionNode = FALSE
	EndGlobalSection
	GlobalSection(ExtensibilityGlobals) = postSolution
		SolutionGuid = {5C2A7A89-294B-4DE6-8680-620B59E43276}
	EndGlobalSection
EndGlobal
